
Microsoft Visual Studio Solution File, Format Version 12.00
# Visual Studio Version 16
VisualStudioVersion = 16.0.30011.22
MinimumVisualStudioVersion = 10.0.40219.1
Project("{9A19103F-16F7-4668-BE54-9A1E7A4F7556}") = "UniverseSso.Backend", "backend\UniverseSso.Backend\UniverseSso.Backend.csproj", "{39A39E06-BC1B-4172-9119-653B4CD61203}"
EndProject
Project("{00D1A9C2-B5F0-4AF3-8072-F6C62B433612}") = "UniverseSso.Database", "database\UniverseSso.Database.sqlproj", "{5FC03852-20DD-4A42-B21B-B3DC83F5E1B3}"
EndProject
Project("{9A19103F-16F7-4668-BE54-9A1E7A4F7556}") = "UniverseSso.Saml", "backend\UniverseSso.Saml\UniverseSso.Saml.csproj", "{4B5126A2-D06D-4B7F-826F-70DE8C6394F7}"
EndProject
Project("{9A19103F-16F7-4668-BE54-9A1E7A4F7556}") = "UniverseSso.Models", "backend\UniverseSso.Models\UniverseSso.Models.csproj", "{82885528-1D5B-45B5-8C42-A67DC20897F8}"
EndProject
Project("{9A19103F-16F7-4668-BE54-9A1E7A4F7556}") = "UniverseSso.Entities", "backend\UniverseSso.Entities\UniverseSso.Entities.csproj", "{A00FAC71-B17F-4DFA-9D9F-643CD1D2C230}"
EndProject
Project("{2150E333-8FDC-42A3-9474-1A3956D46DE8}") = "Saml", "Saml", "{604AC262-E035-4EEC-8E33-A77B2C192C52}"
EndProject
Project("{9A19103F-16F7-4668-BE54-9A1E7A4F7556}") = "AltovaXML", "saml\AltovaXML\AltovaXML.csproj", "{03AAA791-EC2D-4A90-ABBF-45337E52DFD6}"
EndProject
Project("{9A19103F-16F7-4668-BE54-9A1E7A4F7556}") = "Altova", "saml\Altova\Altova.csproj", "{D43E6C54-2DF5-454E-9566-DFFE2F3A6946}"
EndProject
Project("{2150E333-8FDC-42A3-9474-1A3956D46DE8}") = "Token Builders", "Token Builders", "{06C61EAD-7EEE-424C-B5E3-6614DBCCCF79}"
EndProject
Project("{9A19103F-16F7-4668-BE54-9A1E7A4F7556}") = "UniverseSso.TokenBuilder.LegacyFormsAuthentication", "backend\UniverseSso.TokenBuilder.LegacyFormsAuthentication\UniverseSso.TokenBuilder.LegacyFormsAuthentication.csproj", "{618BEDB0-7D43-4134-B10A-A469C2C5EFE5}"
EndProject
Project("{9A19103F-16F7-4668-BE54-9A1E7A4F7556}") = "UniverseSso.DataLoader", "backend\UniverseSso.DataLoader\UniverseSso.DataLoader.csproj", "{DA16D154-2465-4C20-A68B-788E9B326B89}"
EndProject
Project("{2150E333-8FDC-42A3-9474-1A3956D46DE8}") = "Authenticators", "Authenticators", "{1217F2ED-0DEE-4C7B-9470-1D3129539EA0}"
EndProject
Project("{9A19103F-16F7-4668-BE54-9A1E7A4F7556}") = "UniverseSso.Authenticators.Ncdr", "backend\UniverseSso.Authenticators.Ncdr\UniverseSso.Authenticators.Ncdr.csproj", "{2F6950EE-C913-4017-94D3-5D0D1259D549}"
EndProject
Project("{9A19103F-16F7-4668-BE54-9A1E7A4F7556}") = "UniverseSso.Authenticators.Acc", "backend\UniverseSso.Authenticators.Acc\UniverseSso.Authenticators.Acc.csproj", "{3A1F54AE-D4EC-4F6C-9E56-F35FAFFC5B98}"
EndProject
Project("{9A19103F-16F7-4668-BE54-9A1E7A4F7556}") = "UniverseSso.Authenticators.Test", "backend\UniverseSso.Authenticators.Test\UniverseSso.Authenticators.Test.csproj", "{0A798F6C-0776-4E58-8BF5-CB6F061D5DF0}"
EndProject
Project("{9A19103F-16F7-4668-BE54-9A1E7A4F7556}") = "UniverseSso.Utilities", "backend\UniverseSso.Utilities\UniverseSso.Utilities.csproj", "{9C8023A4-98B4-4CA4-B433-06EFA96E8600}"
EndProject
Project("{9A19103F-16F7-4668-BE54-9A1E7A4F7556}") = "UniverseSso.Configuration", "backend\UniverseSso.Configuration\UniverseSso.Configuration.csproj", "{811CECED-FFE2-4C01-9A25-B42A6EC06C9F}"
EndProject
Project("{9A19103F-16F7-4668-BE54-9A1E7A4F7556}") = "UniverseSso.Email", "backend\UniverseSso.Email\UniverseSso.Email.csproj", "{4E6CA69D-9B0C-49EF-B67C-40C64B474F92}"
EndProject
Project("{9A19103F-16F7-4668-BE54-9A1E7A4F7556}") = "saml_schema_metadata_2_0", "saml\saml_schema_metadata_2_0\saml_schema_metadata_2_0.csproj", "{8E9F12EC-BAFD-014D-A7E9-2F2B8B88979E}"
EndProject
Project("{9A19103F-16F7-4668-BE54-9A1E7A4F7556}") = "saml_schema_protocol_2_0", "saml\saml_schema_protocol_2_0\saml_schema_protocol_2_0.csproj", "{DB573A78-106A-A940-BFCD-91A12BBBCE38}"
EndProject
Project("{2150E333-8FDC-42A3-9474-1A3956D46DE8}") = "3rd Party Libraries", "3rd Party Libraries", "{5BA269E4-5B96-4FFA-ADCB-A5DDA3C7B19B}"
EndProject
Project("{2150E333-8FDC-42A3-9474-1A3956D46DE8}") = "Sso", "Sso", "{3552C3AD-7A85-4D03-B285-20F738BB7325}"
EndProject
Project("{2150E333-8FDC-42A3-9474-1A3956D46DE8}") = "Test", "Test", "{0636FC42-4465-4C66-97C1-0A651857C167}"
EndProject
Project("{FAE04EC0-301F-11D3-BF4B-00C04F79EFBC}") = "CertSerializationTester", "CertSerializationTester\CertSerializationTester.csproj", "{86370FEC-CF1F-40E7-8A6E-2165D8F11907}"
EndProject
Global
	GlobalSection(SolutionConfigurationPlatforms) = preSolution
		Debug|Any CPU = Debug|Any CPU
		Release|Any CPU = Release|Any CPU
	EndGlobalSection
	GlobalSection(ProjectConfigurationPlatforms) = postSolution
		{39A39E06-BC1B-4172-9119-653B4CD61203}.Debug|Any CPU.ActiveCfg = Debug|Any CPU
		{39A39E06-BC1B-4172-9119-653B4CD61203}.Debug|Any CPU.Build.0 = Debug|Any CPU
		{39A39E06-BC1B-4172-9119-653B4CD61203}.Release|Any CPU.ActiveCfg = Release|Any CPU
		{39A39E06-BC1B-4172-9119-653B4CD61203}.Release|Any CPU.Build.0 = Release|Any CPU
		{5FC03852-20DD-4A42-B21B-B3DC83F5E1B3}.Debug|Any CPU.ActiveCfg = Debug|Any CPU
		{5FC03852-20DD-4A42-B21B-B3DC83F5E1B3}.Debug|Any CPU.Build.0 = Debug|Any CPU
		{5FC03852-20DD-4A42-B21B-B3DC83F5E1B3}.Debug|Any CPU.Deploy.0 = Debug|Any CPU
		{5FC03852-20DD-4A42-B21B-B3DC83F5E1B3}.Release|Any CPU.ActiveCfg = Release|Any CPU
		{5FC03852-20DD-4A42-B21B-B3DC83F5E1B3}.Release|Any CPU.Build.0 = Release|Any CPU
		{5FC03852-20DD-4A42-B21B-B3DC83F5E1B3}.Release|Any CPU.Deploy.0 = Release|Any CPU
		{4B5126A2-D06D-4B7F-826F-70DE8C6394F7}.Debug|Any CPU.ActiveCfg = Debug|Any CPU
		{4B5126A2-D06D-4B7F-826F-70DE8C6394F7}.Debug|Any CPU.Build.0 = Debug|Any CPU
		{4B5126A2-D06D-4B7F-826F-70DE8C6394F7}.Release|Any CPU.ActiveCfg = Release|Any CPU
		{4B5126A2-D06D-4B7F-826F-70DE8C6394F7}.Release|Any CPU.Build.0 = Release|Any CPU
		{82885528-1D5B-45B5-8C42-A67DC20897F8}.Debug|Any CPU.ActiveCfg = Debug|Any CPU
		{82885528-1D5B-45B5-8C42-A67DC20897F8}.Debug|Any CPU.Build.0 = Debug|Any CPU
		{82885528-1D5B-45B5-8C42-A67DC20897F8}.Release|Any CPU.ActiveCfg = Release|Any CPU
		{82885528-1D5B-45B5-8C42-A67DC20897F8}.Release|Any CPU.Build.0 = Release|Any CPU
		{A00FAC71-B17F-4DFA-9D9F-643CD1D2C230}.Debug|Any CPU.ActiveCfg = Debug|Any CPU
		{A00FAC71-B17F-4DFA-9D9F-643CD1D2C230}.Debug|Any CPU.Build.0 = Debug|Any CPU
		{A00FAC71-B17F-4DFA-9D9F-643CD1D2C230}.Release|Any CPU.ActiveCfg = Release|Any CPU
		{A00FAC71-B17F-4DFA-9D9F-643CD1D2C230}.Release|Any CPU.Build.0 = Release|Any CPU
		{03AAA791-EC2D-4A90-ABBF-45337E52DFD6}.Debug|Any CPU.ActiveCfg = Debug|Any CPU
		{03AAA791-EC2D-4A90-ABBF-45337E52DFD6}.Debug|Any CPU.Build.0 = Debug|Any CPU
		{03AAA791-EC2D-4A90-ABBF-45337E52DFD6}.Release|Any CPU.ActiveCfg = Release|Any CPU
		{03AAA791-EC2D-4A90-ABBF-45337E52DFD6}.Release|Any CPU.Build.0 = Release|Any CPU
		{D43E6C54-2DF5-454E-9566-DFFE2F3A6946}.Debug|Any CPU.ActiveCfg = Debug|Any CPU
		{D43E6C54-2DF5-454E-9566-DFFE2F3A6946}.Debug|Any CPU.Build.0 = Debug|Any CPU
		{D43E6C54-2DF5-454E-9566-DFFE2F3A6946}.Release|Any CPU.ActiveCfg = Release|Any CPU
		{D43E6C54-2DF5-454E-9566-DFFE2F3A6946}.Release|Any CPU.Build.0 = Release|Any CPU
		{618BEDB0-7D43-4134-B10A-A469C2C5EFE5}.Debug|Any CPU.ActiveCfg = Debug|Any CPU
		{618BEDB0-7D43-4134-B10A-A469C2C5EFE5}.Debug|Any CPU.Build.0 = Debug|Any CPU
		{618BEDB0-7D43-4134-B10A-A469C2C5EFE5}.Release|Any CPU.ActiveCfg = Release|Any CPU
		{618BEDB0-7D43-4134-B10A-A469C2C5EFE5}.Release|Any CPU.Build.0 = Release|Any CPU
		{DA16D154-2465-4C20-A68B-788E9B326B89}.Debug|Any CPU.ActiveCfg = Debug|Any CPU
		{DA16D154-2465-4C20-A68B-788E9B326B89}.Debug|Any CPU.Build.0 = Debug|Any CPU
		{DA16D154-2465-4C20-A68B-788E9B326B89}.Release|Any CPU.ActiveCfg = Release|Any CPU
		{DA16D154-2465-4C20-A68B-788E9B326B89}.Release|Any CPU.Build.0 = Release|Any CPU
		{2F6950EE-C913-4017-94D3-5D0D1259D549}.Debug|Any CPU.ActiveCfg = Debug|Any CPU
		{2F6950EE-C913-4017-94D3-5D0D1259D549}.Debug|Any CPU.Build.0 = Debug|Any CPU
		{2F6950EE-C913-4017-94D3-5D0D1259D549}.Release|Any CPU.ActiveCfg = Release|Any CPU
		{2F6950EE-C913-4017-94D3-5D0D1259D549}.Release|Any CPU.Build.0 = Release|Any CPU
		{3A1F54AE-D4EC-4F6C-9E56-F35FAFFC5B98}.Debug|Any CPU.ActiveCfg = Debug|Any CPU
		{3A1F54AE-D4EC-4F6C-9E56-F35FAFFC5B98}.Debug|Any CPU.Build.0 = Debug|Any CPU
		{3A1F54AE-D4EC-4F6C-9E56-F35FAFFC5B98}.Release|Any CPU.ActiveCfg = Release|Any CPU
		{3A1F54AE-D4EC-4F6C-9E56-F35FAFFC5B98}.Release|Any CPU.Build.0 = Release|Any CPU
		{0A798F6C-0776-4E58-8BF5-CB6F061D5DF0}.Debug|Any CPU.ActiveCfg = Debug|Any CPU
		{0A798F6C-0776-4E58-8BF5-CB6F061D5DF0}.Debug|Any CPU.Build.0 = Debug|Any CPU
		{0A798F6C-0776-4E58-8BF5-CB6F061D5DF0}.Release|Any CPU.ActiveCfg = Release|Any CPU
		{0A798F6C-0776-4E58-8BF5-CB6F061D5DF0}.Release|Any CPU.Build.0 = Release|Any CPU
		{9C8023A4-98B4-4CA4-B433-06EFA96E8600}.Debug|Any CPU.ActiveCfg = Debug|Any CPU
		{9C8023A4-98B4-4CA4-B433-06EFA96E8600}.Debug|Any CPU.Build.0 = Debug|Any CPU
		{9C8023A4-98B4-4CA4-B433-06EFA96E8600}.Release|Any CPU.ActiveCfg = Release|Any CPU
		{9C8023A4-98B4-4CA4-B433-06EFA96E8600}.Release|Any CPU.Build.0 = Release|Any CPU
		{811CECED-FFE2-4C01-9A25-B42A6EC06C9F}.Debug|Any CPU.ActiveCfg = Debug|Any CPU
		{811CECED-FFE2-4C01-9A25-B42A6EC06C9F}.Debug|Any CPU.Build.0 = Debug|Any CPU
		{811CECED-FFE2-4C01-9A25-B42A6EC06C9F}.Release|Any CPU.ActiveCfg = Release|Any CPU
		{811CECED-FFE2-4C01-9A25-B42A6EC06C9F}.Release|Any CPU.Build.0 = Release|Any CPU
		{4E6CA69D-9B0C-49EF-B67C-40C64B474F92}.Debug|Any CPU.ActiveCfg = Debug|Any CPU
		{4E6CA69D-9B0C-49EF-B67C-40C64B474F92}.Debug|Any CPU.Build.0 = Debug|Any CPU
		{4E6CA69D-9B0C-49EF-B67C-40C64B474F92}.Release|Any CPU.ActiveCfg = Release|Any CPU
		{4E6CA69D-9B0C-49EF-B67C-40C64B474F92}.Release|Any CPU.Build.0 = Release|Any CPU
		{8E9F12EC-BAFD-014D-A7E9-2F2B8B88979E}.Debug|Any CPU.ActiveCfg = Debug|Any CPU
		{8E9F12EC-BAFD-014D-A7E9-2F2B8B88979E}.Debug|Any CPU.Build.0 = Debug|Any CPU
		{8E9F12EC-BAFD-014D-A7E9-2F2B8B88979E}.Release|Any CPU.ActiveCfg = Release|Any CPU
		{8E9F12EC-BAFD-014D-A7E9-2F2B8B88979E}.Release|Any CPU.Build.0 = Release|Any CPU
		{DB573A78-106A-A940-BFCD-91A12BBBCE38}.Debug|Any CPU.ActiveCfg = Debug|Any CPU
		{DB573A78-106A-A940-BFCD-91A12BBBCE38}.Debug|Any CPU.Build.0 = Debug|Any CPU
		{DB573A78-106A-A940-BFCD-91A12BBBCE38}.Release|Any CPU.ActiveCfg = Release|Any CPU
		{DB573A78-106A-A940-BFCD-91A12BBBCE38}.Release|Any CPU.Build.0 = Release|Any CPU
		{86370FEC-CF1F-40E7-8A6E-2165D8F11907}.Debug|Any CPU.ActiveCfg = Debug|Any CPU
		{86370FEC-CF1F-40E7-8A6E-2165D8F11907}.Debug|Any CPU.Build.0 = Debug|Any CPU
		{86370FEC-CF1F-40E7-8A6E-2165D8F11907}.Release|Any CPU.ActiveCfg = Release|Any CPU
		{86370FEC-CF1F-40E7-8A6E-2165D8F11907}.Release|Any CPU.Build.0 = Release|Any CPU
	EndGlobalSection
	GlobalSection(SolutionProperties) = preSolution
		HideSolutionNode = FALSE
	EndGlobalSection
	GlobalSection(NestedProjects) = preSolution
		{39A39E06-BC1B-4172-9119-653B4CD61203} = {3552C3AD-7A85-4D03-B285-20F738BB7325}
		{5FC03852-20DD-4A42-B21B-B3DC83F5E1B3} = {3552C3AD-7A85-4D03-B285-20F738BB7325}
		{4B5126A2-D06D-4B7F-826F-70DE8C6394F7} = {604AC262-E035-4EEC-8E33-A77B2C192C52}
		{82885528-1D5B-45B5-8C42-A67DC20897F8} = {3552C3AD-7A85-4D03-B285-20F738BB7325}
		{A00FAC71-B17F-4DFA-9D9F-643CD1D2C230} = {3552C3AD-7A85-4D03-B285-20F738BB7325}
		{03AAA791-EC2D-4A90-ABBF-45337E52DFD6} = {5BA269E4-5B96-4FFA-ADCB-A5DDA3C7B19B}
		{D43E6C54-2DF5-454E-9566-DFFE2F3A6946} = {5BA269E4-5B96-4FFA-ADCB-A5DDA3C7B19B}
		{618BEDB0-7D43-4134-B10A-A469C2C5EFE5} = {06C61EAD-7EEE-424C-B5E3-6614DBCCCF79}
		{DA16D154-2465-4C20-A68B-788E9B326B89} = {3552C3AD-7A85-4D03-B285-20F738BB7325}
		{2F6950EE-C913-4017-94D3-5D0D1259D549} = {1217F2ED-0DEE-4C7B-9470-1D3129539EA0}
		{3A1F54AE-D4EC-4F6C-9E56-F35FAFFC5B98} = {1217F2ED-0DEE-4C7B-9470-1D3129539EA0}
		{0A798F6C-0776-4E58-8BF5-CB6F061D5DF0} = {1217F2ED-0DEE-4C7B-9470-1D3129539EA0}
		{9C8023A4-98B4-4CA4-B433-06EFA96E8600} = {3552C3AD-7A85-4D03-B285-20F738BB7325}
		{811CECED-FFE2-4C01-9A25-B42A6EC06C9F} = {3552C3AD-7A85-4D03-B285-20F738BB7325}
		{4E6CA69D-9B0C-49EF-B67C-40C64B474F92} = {3552C3AD-7A85-4D03-B285-20F738BB7325}
		{8E9F12EC-BAFD-014D-A7E9-2F2B8B88979E} = {604AC262-E035-4EEC-8E33-A77B2C192C52}
		{DB573A78-106A-A940-BFCD-91A12BBBCE38} = {604AC262-E035-4EEC-8E33-A77B2C192C52}
		{86370FEC-CF1F-40E7-8A6E-2165D8F11907} = {0636FC42-4465-4C66-97C1-0A651857C167}
	EndGlobalSection
	GlobalSection(ExtensibilityGlobals) = postSolution
		SolutionGuid = {8A037A80-39D3-497D-84EF-1E3BFA2479F0}
	EndGlobalSection
EndGlobal
